
Microsoft Visual Studio Solution File, Format Version 12.00
# Visual Studio 2012
Project("{FAE04EC0-301F-11D3-BF4B-00C04F79EFBC}") = "Array2Dimensi", "Array2Dimensi\Array2Dimensi.csproj", "{66BDDC52-0785-43E6-84F9-F716CDF770BF}"
EndProject
Global
	GlobalSection(SolutionConfigurationPlatforms) = preSolution
		Debug|Any CPU = Debug|Any CPU
		Release|Any CPU = Release|Any CPU
	EndGlobalSection
	GlobalSection(ProjectConfigurationPlatforms) = postSolution
		{66BDDC52-0785-43E6-84F9-F716CDF770BF}.Debug|Any CPU.ActiveCfg = Debug|Any CPU
		{66BDDC52-0785-43E6-84F9-F716CDF770BF}.Debug|Any CPU.Build.0 = Debug|Any CPU
		{66BDDC52-0785-43E6-84F9-F716CDF770BF}.Release|Any CPU.ActiveCfg = Release|Any CPU
		{66BDDC52-0785-43E6-84F9-F716CDF770BF}.Release|Any CPU.Build.0 = Release|Any CPU
	EndGlobalSection
	GlobalSection(SolutionProperties) = preSolution
		HideSolutionNode = FALSE
	EndGlobalSection
EndGlobal
