
Microsoft Visual Studio Solution File, Format Version 12.00
# Visual Studio 15
VisualStudioVersion = 15.0.27004.2006
MinimumVisualStudioVersion = 10.0.40219.1
Project("{FAE04EC0-301F-11D3-BF4B-00C04F79EFBC}") = "WMP", "WMP\WMP.csproj", "{7CED12CF-BB2C-419B-8D92-4F35F0400730}"
EndProject
Global
	GlobalSection(SolutionConfigurationPlatforms) = preSolution
		Debug|Any CPU = Debug|Any CPU
		Release|Any CPU = Release|Any CPU
	EndGlobalSection
	GlobalSection(ProjectConfigurationPlatforms) = postSolution
		{7CED12CF-BB2C-419B-8D92-4F35F0400730}.Debug|Any CPU.ActiveCfg = Debug|Any CPU
		{7CED12CF-BB2C-419B-8D92-4F35F0400730}.Debug|Any CPU.Build.0 = Debug|Any CPU
		{7CED12CF-BB2C-419B-8D92-4F35F0400730}.Release|Any CPU.ActiveCfg = Release|Any CPU
		{7CED12CF-BB2C-419B-8D92-4F35F0400730}.Release|Any CPU.Build.0 = Release|Any CPU
	EndGlobalSection
	GlobalSection(SolutionProperties) = preSolution
		HideSolutionNode = FALSE
	EndGlobalSection
	GlobalSection(ExtensibilityGlobals) = postSolution
		SolutionGuid = {476C82D0-6489-44AE-86D9-7F8B12A964D6}
	EndGlobalSection
EndGlobal
