
Microsoft Visual Studio Solution File, Format Version 12.00
# Visual Studio 2012
Project("{FAE04EC0-301F-11D3-BF4B-00C04F79EFBC}") = "Character", "Character\Character.csproj", "{05E83734-3D5F-44E1-95F9-A23D0C2CABF7}"
EndProject
Global
	GlobalSection(SolutionConfigurationPlatforms) = preSolution
		Debug|Any CPU = Debug|Any CPU
		Release|Any CPU = Release|Any CPU
	EndGlobalSection
	GlobalSection(ProjectConfigurationPlatforms) = postSolution
		{05E83734-3D5F-44E1-95F9-A23D0C2CABF7}.Debug|Any CPU.ActiveCfg = Debug|Any CPU
		{05E83734-3D5F-44E1-95F9-A23D0C2CABF7}.Debug|Any CPU.Build.0 = Debug|Any CPU
		{05E83734-3D5F-44E1-95F9-A23D0C2CABF7}.Release|Any CPU.ActiveCfg = Release|Any CPU
		{05E83734-3D5F-44E1-95F9-A23D0C2CABF7}.Release|Any CPU.Build.0 = Release|Any CPU
	EndGlobalSection
	GlobalSection(SolutionProperties) = preSolution
		HideSolutionNode = FALSE
	EndGlobalSection
EndGlobal
