
Microsoft Visual Studio Solution File, Format Version 12.00
# Visual Studio 2012
Project("{FAE04EC0-301F-11D3-BF4B-00C04F79EFBC}") = "Tugas2", "Tugas2\Tugas2.csproj", "{34E2A39B-C9C7-4C38-8D73-45B6838EE2FD}"
EndProject
Global
	GlobalSection(SolutionConfigurationPlatforms) = preSolution
		Debug|Any CPU = Debug|Any CPU
		Release|Any CPU = Release|Any CPU
	EndGlobalSection
	GlobalSection(ProjectConfigurationPlatforms) = postSolution
		{34E2A39B-C9C7-4C38-8D73-45B6838EE2FD}.Debug|Any CPU.ActiveCfg = Debug|Any CPU
		{34E2A39B-C9C7-4C38-8D73-45B6838EE2FD}.Debug|Any CPU.Build.0 = Debug|Any CPU
		{34E2A39B-C9C7-4C38-8D73-45B6838EE2FD}.Release|Any CPU.ActiveCfg = Release|Any CPU
		{34E2A39B-C9C7-4C38-8D73-45B6838EE2FD}.Release|Any CPU.Build.0 = Release|Any CPU
	EndGlobalSection
	GlobalSection(SolutionProperties) = preSolution
		HideSolutionNode = FALSE
	EndGlobalSection
EndGlobal
