
Microsoft Visual Studio Solution File, Format Version 12.00
# Visual Studio 2012
Project("{FAE04EC0-301F-11D3-BF4B-00C04F79EFBC}") = "WindowsFormsApplication1", "WindowsFormsApplication1\WindowsFormsApplication1.csproj", "{BDF89027-FF37-46DB-8580-781963B0F946}"
EndProject
Global
	GlobalSection(SolutionConfigurationPlatforms) = preSolution
		Debug|Any CPU = Debug|Any CPU
		Release|Any CPU = Release|Any CPU
	EndGlobalSection
	GlobalSection(ProjectConfigurationPlatforms) = postSolution
		{BDF89027-FF37-46DB-8580-781963B0F946}.Debug|Any CPU.ActiveCfg = Debug|Any CPU
		{BDF89027-FF37-46DB-8580-781963B0F946}.Debug|Any CPU.Build.0 = Debug|Any CPU
		{BDF89027-FF37-46DB-8580-781963B0F946}.Release|Any CPU.ActiveCfg = Release|Any CPU
		{BDF89027-FF37-46DB-8580-781963B0F946}.Release|Any CPU.Build.0 = Release|Any CPU
	EndGlobalSection
	GlobalSection(SolutionProperties) = preSolution
		HideSolutionNode = FALSE
	EndGlobalSection
EndGlobal
